
Microsoft Visual Studio Solution File, Format Version 12.00
# Visual Studio Version 17
VisualStudioVersion = 17.1.32210.238
MinimumVisualStudioVersion = 10.0.40219.1
Project("{FAE04EC0-301F-11D3-BF4B-00C04F79EFBC}") = "uppgift kap 2 Casparovish", "uppgift kap 2 Casparovish\uppgift kap 2 Casparovish.csproj", "{91D232CF-21E2-4C60-9333-C1797C621678}"
EndProject
Global
	GlobalSection(SolutionConfigurationPlatforms) = preSolution
		Debug|Any CPU = Debug|Any CPU
		Release|Any CPU = Release|Any CPU
	EndGlobalSection
	GlobalSection(ProjectConfigurationPlatforms) = postSolution
		{91D232CF-21E2-4C60-9333-C1797C621678}.Debug|Any CPU.ActiveCfg = Debug|Any CPU
		{91D232CF-21E2-4C60-9333-C1797C621678}.Debug|Any CPU.Build.0 = Debug|Any CPU
		{91D232CF-21E2-4C60-9333-C1797C621678}.Release|Any CPU.ActiveCfg = Release|Any CPU
		{91D232CF-21E2-4C60-9333-C1797C621678}.Release|Any CPU.Build.0 = Release|Any CPU
	EndGlobalSection
	GlobalSection(SolutionProperties) = preSolution
		HideSolutionNode = FALSE
	EndGlobalSection
	GlobalSection(ExtensibilityGlobals) = postSolution
		SolutionGuid = {3790FE57-458D-427D-A63B-5A644789686B}
	EndGlobalSection
EndGlobal
